// !$*UTF8*$!
{
	archiveVersion = 1;
	classes = {
	};
	objectVersion = 46;
	objects = {

/* Begin PBXAggregateTarget section */
		C24D2C9B19AC5EF300D45972 /* Mogenerator */ = {
			isa = PBXAggregateTarget;
			buildConfigurationList = C24D2C9C19AC5EF300D45972 /* Build configuration list for PBXAggregateTarget "Mogenerator" */;
			buildPhases = (
				C24D2C9F19AC5EFD00D45972 /* ShellScript */,
			);
			dependencies = (
			);
			name = Mogenerator;
			productName = Mogenerator;
		};
/* End PBXAggregateTarget section */

/* Begin PBXBuildFile section */
		C24D2C0F19AC34B500D45972 /* Foundation.framework in Frameworks */ = {isa = PBXBuildFile; fileRef = C24D2C0E19AC34B500D45972 /* Foundation.framework */; };
		C24D2C1119AC34B500D45972 /* CoreGraphics.framework in Frameworks */ = {isa = PBXBuildFile; fileRef = C24D2C1019AC34B500D45972 /* CoreGraphics.framework */; };
		C24D2C1319AC34B500D45972 /* UIKit.framework in Frameworks */ = {isa = PBXBuildFile; fileRef = C24D2C1219AC34B500D45972 /* UIKit.framework */; };
		C24D2C1919AC34B500D45972 /* InfoPlist.strings in Resources */ = {isa = PBXBuildFile; fileRef = C24D2C1719AC34B500D45972 /* InfoPlist.strings */; };
		C24D2C1B19AC34B500D45972 /* main.m in Sources */ = {isa = PBXBuildFile; fileRef = C24D2C1A19AC34B500D45972 /* main.m */; };
		C24D2C1F19AC34B500D45972 /* ORGAppDelegate.m in Sources */ = {isa = PBXBuildFile; fileRef = C24D2C1E19AC34B500D45972 /* ORGAppDelegate.m */; };
		C24D2C2219AC34B500D45972 /* Main_iPhone.storyboard in Resources */ = {isa = PBXBuildFile; fileRef = C24D2C2019AC34B500D45972 /* Main_iPhone.storyboard */; };
		C24D2C2519AC34B500D45972 /* Main_iPad.storyboard in Resources */ = {isa = PBXBuildFile; fileRef = C24D2C2319AC34B500D45972 /* Main_iPad.storyboard */; };
		C24D2C2A19AC34B500D45972 /* Images.xcassets in Resources */ = {isa = PBXBuildFile; fileRef = C24D2C2919AC34B500D45972 /* Images.xcassets */; };
		C24D2C3119AC34B500D45972 /* XCTest.framework in Frameworks */ = {isa = PBXBuildFile; fileRef = C24D2C3019AC34B500D45972 /* XCTest.framework */; };
		C24D2C3219AC34B500D45972 /* Foundation.framework in Frameworks */ = {isa = PBXBuildFile; fileRef = C24D2C0E19AC34B500D45972 /* Foundation.framework */; };
		C24D2C3319AC34B500D45972 /* UIKit.framework in Frameworks */ = {isa = PBXBuildFile; fileRef = C24D2C1219AC34B500D45972 /* UIKit.framework */; };
		C24D2C3B19AC34B500D45972 /* InfoPlist.strings in Resources */ = {isa = PBXBuildFile; fileRef = C24D2C3919AC34B500D45972 /* InfoPlist.strings */; };
		C24D2C3D19AC34B500D45972 /* OrganizrTests.m in Sources */ = {isa = PBXBuildFile; fileRef = C24D2C3C19AC34B500D45972 /* OrganizrTests.m */; };
		C24D2C4719AC354300D45972 /* CoreData.framework in Frameworks */ = {isa = PBXBuildFile; fileRef = C24D2C4619AC354300D45972 /* CoreData.framework */; };
		C24D2C4A19AC359400D45972 /* Organizr.xcdatamodeld in Sources */ = {isa = PBXBuildFile; fileRef = C24D2C4819AC359400D45972 /* Organizr.xcdatamodeld */; };
		C24D2CA519AD01B600D45972 /* _Task.m in Sources */ = {isa = PBXBuildFile; fileRef = C24D2CA219AD01B600D45972 /* _Task.m */; };
		C24D2CA619AD01B600D45972 /* Task.m in Sources */ = {isa = PBXBuildFile; fileRef = C24D2CA419AD01B600D45972 /* Task.m */; };
		C24D2CAA19AD04A500D45972 /* ORGRootViewController.m in Sources */ = {isa = PBXBuildFile; fileRef = C24D2CA919AD04A500D45972 /* ORGRootViewController.m */; };
		C24D2CB119AD470A00D45972 /* ORGTaskTableViewCell.m in Sources */ = {isa = PBXBuildFile; fileRef = C24D2CB019AD470A00D45972 /* ORGTaskTableViewCell.m */; };
		C24D2CB519AD48B900D45972 /* ORGNewTaskTableViewCell.m in Sources */ = {isa = PBXBuildFile; fileRef = C24D2CB419AD48B900D45972 /* ORGNewTaskTableViewCell.m */; };
		C253278519AECD0400B3AE75 /* ORGTableViewDSD.m in Sources */ = {isa = PBXBuildFile; fileRef = C253278419AECD0400B3AE75 /* ORGTableViewDSD.m */; };
		C287D59919AEFA970026C91A /* ORGPersistentStack.m in Sources */ = {isa = PBXBuildFile; fileRef = C287D59819AEFA970026C91A /* ORGPersistentStack.m */; };
		C287D59C19AEFDDD0026C91A /* ORGStore.m in Sources */ = {isa = PBXBuildFile; fileRef = C287D59B19AEFDDD0026C91A /* ORGStore.m */; };
/* End PBXBuildFile section */

/* Begin PBXContainerItemProxy section */
		C24D2C3419AC34B500D45972 /* PBXContainerItemProxy */ = {
			isa = PBXContainerItemProxy;
			containerPortal = C24D2C0319AC34B500D45972 /* Project object */;
			proxyType = 1;
			remoteGlobalIDString = C24D2C0A19AC34B500D45972;
			remoteInfo = Organizr;
		};
/* End PBXContainerItemProxy section */

/* Begin PBXFileReference section */
		C24D2C0B19AC34B500D45972 /* Organizr.app */ = {isa = PBXFileReference; explicitFileType = wrapper.application; includeInIndex = 0; path = Organizr.app; sourceTree = BUILT_PRODUCTS_DIR; };
		C24D2C0E19AC34B500D45972 /* Foundation.framework */ = {isa = PBXFileReference; lastKnownFileType = wrapper.framework; name = Foundation.framework; path = System/Library/Frameworks/Foundation.framework; sourceTree = SDKROOT; };
		C24D2C1019AC34B500D45972 /* CoreGraphics.framework */ = {isa = PBXFileReference; lastKnownFileType = wrapper.framework; name = CoreGraphics.framework; path = System/Library/Frameworks/CoreGraphics.framework; sourceTree = SDKROOT; };
		C24D2C1219AC34B500D45972 /* UIKit.framework */ = {isa = PBXFileReference; lastKnownFileType = wrapper.framework; name = UIKit.framework; path = System/Library/Frameworks/UIKit.framework; sourceTree = SDKROOT; };
		C24D2C1619AC34B500D45972 /* Organizr-Info.plist */ = {isa = PBXFileReference; lastKnownFileType = text.plist.xml; path = "Organizr-Info.plist"; sourceTree = "<group>"; };
		C24D2C1819AC34B500D45972 /* en */ = {isa = PBXFileReference; lastKnownFileType = text.plist.strings; name = en; path = en.lproj/InfoPlist.strings; sourceTree = "<group>"; };
		C24D2C1A19AC34B500D45972 /* main.m */ = {isa = PBXFileReference; lastKnownFileType = sourcecode.c.objc; path = main.m; sourceTree = "<group>"; };
		C24D2C1C19AC34B500D45972 /* Organizr-Prefix.pch */ = {isa = PBXFileReference; lastKnownFileType = sourcecode.c.h; path = "Organizr-Prefix.pch"; sourceTree = "<group>"; };
		C24D2C1D19AC34B500D45972 /* ORGAppDelegate.h */ = {isa = PBXFileReference; lastKnownFileType = sourcecode.c.h; path = ORGAppDelegate.h; sourceTree = "<group>"; };
		C24D2C1E19AC34B500D45972 /* ORGAppDelegate.m */ = {isa = PBXFileReference; lastKnownFileType = sourcecode.c.objc; path = ORGAppDelegate.m; sourceTree = "<group>"; };
		C24D2C2119AC34B500D45972 /* Base */ = {isa = PBXFileReference; lastKnownFileType = file.storyboard; name = Base; path = Base.lproj/Main_iPhone.storyboard; sourceTree = "<group>"; };
		C24D2C2419AC34B500D45972 /* Base */ = {isa = PBXFileReference; lastKnownFileType = file.storyboard; name = Base; path = Base.lproj/Main_iPad.storyboard; sourceTree = "<group>"; };
		C24D2C2919AC34B500D45972 /* Images.xcassets */ = {isa = PBXFileReference; lastKnownFileType = folder.assetcatalog; path = Images.xcassets; sourceTree = "<group>"; };
		C24D2C2F19AC34B500D45972 /* OrganizrTests.xctest */ = {isa = PBXFileReference; explicitFileType = wrapper.cfbundle; includeInIndex = 0; path = OrganizrTests.xctest; sourceTree = BUILT_PRODUCTS_DIR; };
		C24D2C3019AC34B500D45972 /* XCTest.framework */ = {isa = PBXFileReference; lastKnownFileType = wrapper.framework; name = XCTest.framework; path = Library/Frameworks/XCTest.framework; sourceTree = DEVELOPER_DIR; };
		C24D2C3819AC34B500D45972 /* OrganizrTests-Info.plist */ = {isa = PBXFileReference; lastKnownFileType = text.plist.xml; path = "OrganizrTests-Info.plist"; sourceTree = "<group>"; };
		C24D2C3A19AC34B500D45972 /* en */ = {isa = PBXFileReference; lastKnownFileType = text.plist.strings; name = en; path = en.lproj/InfoPlist.strings; sourceTree = "<group>"; };
		C24D2C3C19AC34B500D45972 /* OrganizrTests.m */ = {isa = PBXFileReference; lastKnownFileType = sourcecode.c.objc; path = OrganizrTests.m; sourceTree = "<group>"; };
		C24D2C4619AC354300D45972 /* CoreData.framework */ = {isa = PBXFileReference; lastKnownFileType = wrapper.framework; name = CoreData.framework; path = System/Library/Frameworks/CoreData.framework; sourceTree = SDKROOT; };
		C24D2C4919AC359400D45972 /* Organizr.xcdatamodel */ = {isa = PBXFileReference; lastKnownFileType = wrapper.xcdatamodel; path = Organizr.xcdatamodel; sourceTree = "<group>"; };
		C24D2CA119AD01B600D45972 /* _Task.h */ = {isa = PBXFileReference; fileEncoding = 4; lastKnownFileType = sourcecode.c.h; path = _Task.h; sourceTree = "<group>"; };
		C24D2CA219AD01B600D45972 /* _Task.m */ = {isa = PBXFileReference; fileEncoding = 4; lastKnownFileType = sourcecode.c.objc; path = _Task.m; sourceTree = "<group>"; };
		C24D2CA319AD01B600D45972 /* Task.h */ = {isa = PBXFileReference; fileEncoding = 4; lastKnownFileType = sourcecode.c.h; path = Task.h; sourceTree = "<group>"; };
		C24D2CA419AD01B600D45972 /* Task.m */ = {isa = PBXFileReference; fileEncoding = 4; lastKnownFileType = sourcecode.c.objc; path = Task.m; sourceTree = "<group>"; };
		C24D2CA819AD04A500D45972 /* ORGRootViewController.h */ = {isa = PBXFileReference; fileEncoding = 4; lastKnownFileType = sourcecode.c.h; name = ORGRootViewController.h; path = "View Controllers/ORGRootViewController.h"; sourceTree = "<group>"; };
		C24D2CA919AD04A500D45972 /* ORGRootViewController.m */ = {isa = PBXFileReference; fileEncoding = 4; lastKnownFileType = sourcecode.c.objc; name = ORGRootViewController.m; path = "View Controllers/ORGRootViewController.m"; sourceTree = "<group>"; };
		C24D2CAF19AD470A00D45972 /* ORGTaskTableViewCell.h */ = {isa = PBXFileReference; fileEncoding = 4; lastKnownFileType = sourcecode.c.h; name = ORGTaskTableViewCell.h; path = "Table View Cells/ORGTaskTableViewCell.h"; sourceTree = "<group>"; };
		C24D2CB019AD470A00D45972 /* ORGTaskTableViewCell.m */ = {isa = PBXFileReference; fileEncoding = 4; lastKnownFileType = sourcecode.c.objc; name = ORGTaskTableViewCell.m; path = "Table View Cells/ORGTaskTableViewCell.m"; sourceTree = "<group>"; };
		C24D2CB319AD48B900D45972 /* ORGNewTaskTableViewCell.h */ = {isa = PBXFileReference; fileEncoding = 4; lastKnownFileType = sourcecode.c.h; name = ORGNewTaskTableViewCell.h; path = "Table View Cells/ORGNewTaskTableViewCell.h"; sourceTree = "<group>"; };
		C24D2CB419AD48B900D45972 /* ORGNewTaskTableViewCell.m */ = {isa = PBXFileReference; fileEncoding = 4; lastKnownFileType = sourcecode.c.objc; name = ORGNewTaskTableViewCell.m; path = "Table View Cells/ORGNewTaskTableViewCell.m"; sourceTree = "<group>"; };
		C253278319AECD0400B3AE75 /* ORGTableViewDSD.h */ = {isa = PBXFileReference; fileEncoding = 4; lastKnownFileType = sourcecode.c.h; path = ORGTableViewDSD.h; sourceTree = "<group>"; };
		C253278419AECD0400B3AE75 /* ORGTableViewDSD.m */ = {isa = PBXFileReference; fileEncoding = 4; lastKnownFileType = sourcecode.c.objc; path = ORGTableViewDSD.m; sourceTree = "<group>"; };
		C287D59719AEFA970026C91A /* ORGPersistentStack.h */ = {isa = PBXFileReference; fileEncoding = 4; lastKnownFileType = sourcecode.c.h; path = ORGPersistentStack.h; sourceTree = "<group>"; };
		C287D59819AEFA970026C91A /* ORGPersistentStack.m */ = {isa = PBXFileReference; fileEncoding = 4; lastKnownFileType = sourcecode.c.objc; path = ORGPersistentStack.m; sourceTree = "<group>"; };
		C287D59A19AEFDDD0026C91A /* ORGStore.h */ = {isa = PBXFileReference; fileEncoding = 4; lastKnownFileType = sourcecode.c.h; path = ORGStore.h; sourceTree = "<group>"; };
		C287D59B19AEFDDD0026C91A /* ORGStore.m */ = {isa = PBXFileReference; fileEncoding = 4; lastKnownFileType = sourcecode.c.objc; path = ORGStore.m; sourceTree = "<group>"; };
/* End PBXFileReference section */

/* Begin PBXFrameworksBuildPhase section */
		C24D2C0819AC34B500D45972 /* Frameworks */ = {
			isa = PBXFrameworksBuildPhase;
			buildActionMask = 2147483647;
			files = (
				C24D2C4719AC354300D45972 /* CoreData.framework in Frameworks */,
				C24D2C1119AC34B500D45972 /* CoreGraphics.framework in Frameworks */,
				C24D2C1319AC34B500D45972 /* UIKit.framework in Frameworks */,
				C24D2C0F19AC34B500D45972 /* Foundation.framework in Frameworks */,
			);
			runOnlyForDeploymentPostprocessing = 0;
		};
		C24D2C2C19AC34B500D45972 /* Frameworks */ = {
			isa = PBXFrameworksBuildPhase;
			buildActionMask = 2147483647;
			files = (
				C24D2C3119AC34B500D45972 /* XCTest.framework in Frameworks */,
				C24D2C3319AC34B500D45972 /* UIKit.framework in Frameworks */,
				C24D2C3219AC34B500D45972 /* Foundation.framework in Frameworks */,
			);
			runOnlyForDeploymentPostprocessing = 0;
		};
/* End PBXFrameworksBuildPhase section */

/* Begin PBXGroup section */
		C24D2C0219AC34B500D45972 = {
			isa = PBXGroup;
			children = (
				C24D2C1419AC34B500D45972 /* Organizr */,
				C24D2C3619AC34B500D45972 /* OrganizrTests */,
				C24D2C0D19AC34B500D45972 /* Frameworks */,
				C24D2C0C19AC34B500D45972 /* Products */,
			);
			sourceTree = "<group>";
		};
		C24D2C0C19AC34B500D45972 /* Products */ = {
			isa = PBXGroup;
			children = (
				C24D2C0B19AC34B500D45972 /* Organizr.app */,
				C24D2C2F19AC34B500D45972 /* OrganizrTests.xctest */,
			);
			name = Products;
			sourceTree = "<group>";
		};
		C24D2C0D19AC34B500D45972 /* Frameworks */ = {
			isa = PBXGroup;
			children = (
				C24D2C4619AC354300D45972 /* CoreData.framework */,
				C24D2C0E19AC34B500D45972 /* Foundation.framework */,
				C24D2C1019AC34B500D45972 /* CoreGraphics.framework */,
				C24D2C1219AC34B500D45972 /* UIKit.framework */,
				C24D2C3019AC34B500D45972 /* XCTest.framework */,
			);
			name = Frameworks;
			sourceTree = "<group>";
		};
		C24D2C1419AC34B500D45972 /* Organizr */ = {
			isa = PBXGroup;
			children = (
				C24D2CA019AD01B600D45972 /* Model */,
				C24D2CAB19AD04B300D45972 /* View Controllers */,
				C24D2CB219AD471500D45972 /* Table View Cells */,
				C24D2C4819AC359400D45972 /* Organizr.xcdatamodeld */,
				C24D2C1D19AC34B500D45972 /* ORGAppDelegate.h */,
				C24D2C1E19AC34B500D45972 /* ORGAppDelegate.m */,
				C287D59719AEFA970026C91A /* ORGPersistentStack.h */,
				C287D59819AEFA970026C91A /* ORGPersistentStack.m */,
				C287D59A19AEFDDD0026C91A /* ORGStore.h */,
				C287D59B19AEFDDD0026C91A /* ORGStore.m */,
				C253278319AECD0400B3AE75 /* ORGTableViewDSD.h */,
				C253278419AECD0400B3AE75 /* ORGTableViewDSD.m */,
				C24D2C2019AC34B500D45972 /* Main_iPhone.storyboard */,
				C24D2C2319AC34B500D45972 /* Main_iPad.storyboard */,
				C24D2C2919AC34B500D45972 /* Images.xcassets */,
				C24D2C1519AC34B500D45972 /* Supporting Files */,
			);
			path = Organizr;
			sourceTree = "<group>";
		};
		C24D2C1519AC34B500D45972 /* Supporting Files */ = {
			isa = PBXGroup;
			children = (
				C24D2C1619AC34B500D45972 /* Organizr-Info.plist */,
				C24D2C1719AC34B500D45972 /* InfoPlist.strings */,
				C24D2C1A19AC34B500D45972 /* main.m */,
				C24D2C1C19AC34B500D45972 /* Organizr-Prefix.pch */,
			);
			name = "Supporting Files";
			sourceTree = "<group>";
		};
		C24D2C3619AC34B500D45972 /* OrganizrTests */ = {
			isa = PBXGroup;
			children = (
				C24D2C3C19AC34B500D45972 /* OrganizrTests.m */,
				C24D2C3719AC34B500D45972 /* Supporting Files */,
			);
			path = OrganizrTests;
			sourceTree = "<group>";
		};
		C24D2C3719AC34B500D45972 /* Supporting Files */ = {
			isa = PBXGroup;
			children = (
				C24D2C3819AC34B500D45972 /* OrganizrTests-Info.plist */,
				C24D2C3919AC34B500D45972 /* InfoPlist.strings */,
			);
			name = "Supporting Files";
			sourceTree = "<group>";
		};
		C24D2CA019AD01B600D45972 /* Model */ = {
			isa = PBXGroup;
			children = (
				C24D2CA719AD01CD00D45972 /* Task */,
			);
			path = Model;
			sourceTree = "<group>";
		};
		C24D2CA719AD01CD00D45972 /* Task */ = {
			isa = PBXGroup;
			children = (
				C24D2CA119AD01B600D45972 /* _Task.h */,
				C24D2CA219AD01B600D45972 /* _Task.m */,
				C24D2CA319AD01B600D45972 /* Task.h */,
				C24D2CA419AD01B600D45972 /* Task.m */,
			);
			name = Task;
			sourceTree = "<group>";
		};
		C24D2CAB19AD04B300D45972 /* View Controllers */ = {
			isa = PBXGroup;
			children = (
				C24D2CA819AD04A500D45972 /* ORGRootViewController.h */,
				C24D2CA919AD04A500D45972 /* ORGRootViewController.m */,
			);
			name = "View Controllers";
			sourceTree = "<group>";
		};
		C24D2CB219AD471500D45972 /* Table View Cells */ = {
			isa = PBXGroup;
			children = (
				C24D2CAF19AD470A00D45972 /* ORGTaskTableViewCell.h */,
				C24D2CB019AD470A00D45972 /* ORGTaskTableViewCell.m */,
				C24D2CB319AD48B900D45972 /* ORGNewTaskTableViewCell.h */,
				C24D2CB419AD48B900D45972 /* ORGNewTaskTableViewCell.m */,
			);
			name = "Table View Cells";
			sourceTree = "<group>";
		};
/* End PBXGroup section */

/* Begin PBXNativeTarget section */
		C24D2C0A19AC34B500D45972 /* Organizr */ = {
			isa = PBXNativeTarget;
			buildConfigurationList = C24D2C4019AC34B500D45972 /* Build configuration list for PBXNativeTarget "Organizr" */;
			buildPhases = (
				C24D2C0719AC34B500D45972 /* Sources */,
				C24D2C0819AC34B500D45972 /* Frameworks */,
				C24D2C0919AC34B500D45972 /* Resources */,
			);
			buildRules = (
			);
			dependencies = (
			);
			name = Organizr;
			productName = Organizr;
			productReference = C24D2C0B19AC34B500D45972 /* Organizr.app */;
			productType = "com.apple.product-type.application";
		};
		C24D2C2E19AC34B500D45972 /* OrganizrTests */ = {
			isa = PBXNativeTarget;
			buildConfigurationList = C24D2C4319AC34B500D45972 /* Build configuration list for PBXNativeTarget "OrganizrTests" */;
			buildPhases = (
				C24D2C2B19AC34B500D45972 /* Sources */,
				C24D2C2C19AC34B500D45972 /* Frameworks */,
				C24D2C2D19AC34B500D45972 /* Resources */,
			);
			buildRules = (
			);
			dependencies = (
				C24D2C3519AC34B500D45972 /* PBXTargetDependency */,
			);
			name = OrganizrTests;
			productName = OrganizrTests;
			productReference = C24D2C2F19AC34B500D45972 /* OrganizrTests.xctest */;
			productType = "com.apple.product-type.bundle.unit-test";
		};
/* End PBXNativeTarget section */

/* Begin PBXProject section */
		C24D2C0319AC34B500D45972 /* Project object */ = {
			isa = PBXProject;
			attributes = {
				CLASSPREFIX = ORG;
				LastUpgradeCheck = 0510;
				ORGANIZATIONNAME = "Yasser Al-Khder";
				TargetAttributes = {
					C24D2C2E19AC34B500D45972 = {
						TestTargetID = C24D2C0A19AC34B500D45972;
					};
				};
			};
			buildConfigurationList = C24D2C0619AC34B500D45972 /* Build configuration list for PBXProject "Organizr" */;
			compatibilityVersion = "Xcode 3.2";
			developmentRegion = English;
			hasScannedForEncodings = 0;
			knownRegions = (
				en,
				Base,
			);
			mainGroup = C24D2C0219AC34B500D45972;
			productRefGroup = C24D2C0C19AC34B500D45972 /* Products */;
			projectDirPath = "";
			projectRoot = "";
			targets = (
				C24D2C0A19AC34B500D45972 /* Organizr */,
				C24D2C2E19AC34B500D45972 /* OrganizrTests */,
				C24D2C9B19AC5EF300D45972 /* Mogenerator */,
			);
		};
/* End PBXProject section */

/* Begin PBXResourcesBuildPhase section */
		C24D2C0919AC34B500D45972 /* Resources */ = {
			isa = PBXResourcesBuildPhase;
			buildActionMask = 2147483647;
			files = (
				C24D2C2519AC34B500D45972 /* Main_iPad.storyboard in Resources */,
				C24D2C2A19AC34B500D45972 /* Images.xcassets in Resources */,
				C24D2C2219AC34B500D45972 /* Main_iPhone.storyboard in Resources */,
				C24D2C1919AC34B500D45972 /* InfoPlist.strings in Resources */,
			);
			runOnlyForDeploymentPostprocessing = 0;
		};
		C24D2C2D19AC34B500D45972 /* Resources */ = {
			isa = PBXResourcesBuildPhase;
			buildActionMask = 2147483647;
			files = (
				C24D2C3B19AC34B500D45972 /* InfoPlist.strings in Resources */,
			);
			runOnlyForDeploymentPostprocessing = 0;
		};
/* End PBXResourcesBuildPhase section */

/* Begin PBXShellScriptBuildPhase section */
		C24D2C9F19AC5EFD00D45972 /* ShellScript */ = {
			isa = PBXShellScriptBuildPhase;
			buildActionMask = 2147483647;
			files = (
			);
			inputPaths = (
			);
			outputPaths = (
			);
			runOnlyForDeploymentPostprocessing = 0;
			shellPath = /bin/sh;
			shellScript = "mogenerator -m Organizr/Organizr.xcdatamodeld/Organizr.xcdatamodel -O Organizr/Model --template-var arc=true";
		};
/* End PBXShellScriptBuildPhase section */

/* Begin PBXSourcesBuildPhase section */
		C24D2C0719AC34B500D45972 /* Sources */ = {
			isa = PBXSourcesBuildPhase;
			buildActionMask = 2147483647;
			files = (
				C24D2CB119AD470A00D45972 /* ORGTaskTableViewCell.m in Sources */,
				C24D2CA519AD01B600D45972 /* _Task.m in Sources */,
				C287D59919AEFA970026C91A /* ORGPersistentStack.m in Sources */,
				C24D2CAA19AD04A500D45972 /* ORGRootViewController.m in Sources */,
				C24D2C4A19AC359400D45972 /* Organizr.xcdatamodeld in Sources */,
				C287D59C19AEFDDD0026C91A /* ORGStore.m in Sources */,
				C24D2CB519AD48B900D45972 /* ORGNewTaskTableViewCell.m in Sources */,
				C253278519AECD0400B3AE75 /* ORGTableViewDSD.m in Sources */,
				C24D2C1B19AC34B500D45972 /* main.m in Sources */,
				C24D2CA619AD01B600D45972 /* Task.m in Sources */,
				C24D2C1F19AC34B500D45972 /* ORGAppDelegate.m in Sources */,
			);
			runOnlyForDeploymentPostprocessing = 0;
		};
		C24D2C2B19AC34B500D45972 /* Sources */ = {
			isa = PBXSourcesBuildPhase;
			buildActionMask = 2147483647;
			files = (
				C24D2C3D19AC34B500D45972 /* OrganizrTests.m in Sources */,
			);
			runOnlyForDeploymentPostprocessing = 0;
		};
/* End PBXSourcesBuildPhase section */

/* Begin PBXTargetDependency section */
		C24D2C3519AC34B500D45972 /* PBXTargetDependency */ = {
			isa = PBXTargetDependency;
			target = C24D2C0A19AC34B500D45972 /* Organizr */;
			targetProxy = C24D2C3419AC34B500D45972 /* PBXContainerItemProxy */;
		};
/* End PBXTargetDependency section */

/* Begin PBXVariantGroup section */
		C24D2C1719AC34B500D45972 /* InfoPlist.strings */ = {
			isa = PBXVariantGroup;
			children = (
				C24D2C1819AC34B500D45972 /* en */,
			);
			name = InfoPlist.strings;
			sourceTree = "<group>";
		};
		C24D2C2019AC34B500D45972 /* Main_iPhone.storyboard */ = {
			isa = PBXVariantGroup;
			children = (
				C24D2C2119AC34B500D45972 /* Base */,
			);
			name = Main_iPhone.storyboard;
			sourceTree = "<group>";
		};
		C24D2C2319AC34B500D45972 /* Main_iPad.storyboard */ = {
			isa = PBXVariantGroup;
			children = (
				C24D2C2419AC34B500D45972 /* Base */,
			);
			name = Main_iPad.storyboard;
			sourceTree = "<group>";
		};
		C24D2C3919AC34B500D45972 /* InfoPlist.strings */ = {
			isa = PBXVariantGroup;
			children = (
				C24D2C3A19AC34B500D45972 /* en */,
			);
			name = InfoPlist.strings;
			sourceTree = "<group>";
		};
/* End PBXVariantGroup section */

/* Begin XCBuildConfiguration section */
		C24D2C3E19AC34B500D45972 /* Debug */ = {
			isa = XCBuildConfiguration;
			buildSettings = {
				ALWAYS_SEARCH_USER_PATHS = NO;
				CLANG_CXX_LANGUAGE_STANDARD = "gnu++0x";
				CLANG_CXX_LIBRARY = "libc++";
				CLANG_ENABLE_MODULES = YES;
				CLANG_ENABLE_OBJC_ARC = YES;
				CLANG_WARN_BOOL_CONVERSION = YES;
				CLANG_WARN_CONSTANT_CONVERSION = YES;
				CLANG_WARN_DIRECT_OBJC_ISA_USAGE = YES_ERROR;
				CLANG_WARN_EMPTY_BODY = YES;
				CLANG_WARN_ENUM_CONVERSION = YES;
				CLANG_WARN_INT_CONVERSION = YES;
				CLANG_WARN_OBJC_ROOT_CLASS = YES_ERROR;
				CLANG_WARN__DUPLICATE_METHOD_MATCH = YES;
				"CODE_SIGN_IDENTITY[sdk=iphoneos*]" = "iPhone Developer";
				COPY_PHASE_STRIP = NO;
				GCC_C_LANGUAGE_STANDARD = gnu99;
				GCC_DYNAMIC_NO_PIC = NO;
				GCC_OPTIMIZATION_LEVEL = 0;
				GCC_PREPROCESSOR_DEFINITIONS = (
					"DEBUG=1",
					"$(inherited)",
				);
				GCC_SYMBOLS_PRIVATE_EXTERN = NO;
				GCC_WARN_64_TO_32_BIT_CONVERSION = YES;
				GCC_WARN_ABOUT_RETURN_TYPE = YES_ERROR;
				GCC_WARN_UNDECLARED_SELECTOR = YES;
				GCC_WARN_UNINITIALIZED_AUTOS = YES_AGGRESSIVE;
				GCC_WARN_UNUSED_FUNCTION = YES;
				GCC_WARN_UNUSED_VARIABLE = YES;
				IPHONEOS_DEPLOYMENT_TARGET = 7.1;
				ONLY_ACTIVE_ARCH = YES;
				SDKROOT = iphoneos;
				TARGETED_DEVICE_FAMILY = "1,2";
			};
			name = Debug;
		};
		C24D2C3F19AC34B500D45972 /* Release */ = {
			isa = XCBuildConfiguration;
			buildSettings = {
				ALWAYS_SEARCH_USER_PATHS = NO;
				CLANG_CXX_LANGUAGE_STANDARD = "gnu++0x";
				CLANG_CXX_LIBRARY = "libc++";
				CLANG_ENABLE_MODULES = YES;
				CLANG_ENABLE_OBJC_ARC = YES;
				CLANG_WARN_BOOL_CONVERSION = YES;
				CLANG_WARN_CONSTANT_CONVERSION = YES;
				CLANG_WARN_DIRECT_OBJC_ISA_USAGE = YES_ERROR;
				CLANG_WARN_EMPTY_BODY = YES;
				CLANG_WARN_ENUM_CONVERSION = YES;
				CLANG_WARN_INT_CONVERSION = YES;
				CLANG_WARN_OBJC_ROOT_CLASS = YES_ERROR;
				CLANG_WARN__DUPLICATE_METHOD_MATCH = YES;
				"CODE_SIGN_IDENTITY[sdk=iphoneos*]" = "iPhone Developer";
				COPY_PHASE_STRIP = YES;
				ENABLE_NS_ASSERTIONS = NO;
				GCC_C_LANGUAGE_STANDARD = gnu99;
				GCC_WARN_64_TO_32_BIT_CONVERSION = YES;
				GCC_WARN_ABOUT_RETURN_TYPE = YES_ERROR;
				GCC_WARN_UNDECLARED_SELECTOR = YES;
				GCC_WARN_UNINITIALIZED_AUTOS = YES_AGGRESSIVE;
				GCC_WARN_UNUSED_FUNCTION = YES;
				GCC_WARN_UNUSED_VARIABLE = YES;
				IPHONEOS_DEPLOYMENT_TARGET = 7.1;
				SDKROOT = iphoneos;
				TARGETED_DEVICE_FAMILY = "1,2";
				VALIDATE_PRODUCT = YES;
			};
			name = Release;
		};
		C24D2C4119AC34B500D45972 /* Debug */ = {
			isa = XCBuildConfiguration;
			buildSettings = {
				ASSETCATALOG_COMPILER_APPICON_NAME = AppIcon;
				ASSETCATALOG_COMPILER_LAUNCHIMAGE_NAME = LaunchImage;
				GCC_PRECOMPILE_PREFIX_HEADER = YES;
				GCC_PREFIX_HEADER = "Organizr/Organizr-Prefix.pch";
				INFOPLIST_FILE = "Organizr/Organizr-Info.plist";
				PRODUCT_NAME = "$(TARGET_NAME)";
				WRAPPER_EXTENSION = app;
			};
			name = Debug;
		};
		C24D2C4219AC34B500D45972 /* Release */ = {
			isa = XCBuildConfiguration;
			buildSettings = {
				ASSETCATALOG_COMPILER_APPICON_NAME = AppIcon;
				ASSETCATALOG_COMPILER_LAUNCHIMAGE_NAME = LaunchImage;
				GCC_PRECOMPILE_PREFIX_HEADER = YES;
				GCC_PREFIX_HEADER = "Organizr/Organizr-Prefix.pch";
				INFOPLIST_FILE = "Organizr/Organizr-Info.plist";
				PRODUCT_NAME = "$(TARGET_NAME)";
				WRAPPER_EXTENSION = app;
			};
			name = Release;
		};
		C24D2C4419AC34B500D45972 /* Debug */ = {
			isa = XCBuildConfiguration;
			buildSettings = {
				BUNDLE_LOADER = "$(BUILT_PRODUCTS_DIR)/Organizr.app/Organizr";
				FRAMEWORK_SEARCH_PATHS = (
					"$(SDKROOT)/Developer/Library/Frameworks",
					"$(inherited)",
					"$(DEVELOPER_FRAMEWORKS_DIR)",
				);
				GCC_PRECOMPILE_PREFIX_HEADER = YES;
				GCC_PREFIX_HEADER = "Organizr/Organizr-Prefix.pch";
				GCC_PREPROCESSOR_DEFINITIONS = (
					"DEBUG=1",
					"$(inherited)",
				);
				INFOPLIST_FILE = "OrganizrTests/OrganizrTests-Info.plist";
				PRODUCT_NAME = "$(TARGET_NAME)";
				TEST_HOST = "$(BUNDLE_LOADER)";
				WRAPPER_EXTENSION = xctest;
			};
			name = Debug;
		};
		C24D2C4519AC34B500D45972 /* Release */ = {
			isa = XCBuildConfiguration;
			buildSettings = {
				BUNDLE_LOADER = "$(BUILT_PRODUCTS_DIR)/Organizr.app/Organizr";
				FRAMEWORK_SEARCH_PATHS = (
					"$(SDKROOT)/Developer/Library/Frameworks",
					"$(inherited)",
					"$(DEVELOPER_FRAMEWORKS_DIR)",
				);
				GCC_PRECOMPILE_PREFIX_HEADER = YES;
				GCC_PREFIX_HEADER = "Organizr/Organizr-Prefix.pch";
				INFOPLIST_FILE = "OrganizrTests/OrganizrTests-Info.plist";
				PRODUCT_NAME = "$(TARGET_NAME)";
				TEST_HOST = "$(BUNDLE_LOADER)";
				WRAPPER_EXTENSION = xctest;
			};
			name = Release;
		};
		C24D2C9D19AC5EF300D45972 /* Debug */ = {
			isa = XCBuildConfiguration;
			buildSettings = {
				PRODUCT_NAME = "$(TARGET_NAME)";
			};
			name = Debug;
		};
		C24D2C9E19AC5EF300D45972 /* Release */ = {
			isa = XCBuildConfiguration;
			buildSettings = {
				PRODUCT_NAME = "$(TARGET_NAME)";
			};
			name = Release;
		};
/* End XCBuildConfiguration section */

/* Begin XCConfigurationList section */
		C24D2C0619AC34B500D45972 /* Build configuration list for PBXProject "Organizr" */ = {
			isa = XCConfigurationList;
			buildConfigurations = (
				C24D2C3E19AC34B500D45972 /* Debug */,
				C24D2C3F19AC34B500D45972 /* Release */,
			);
			defaultConfigurationIsVisible = 0;
			defaultConfigurationName = Release;
		};
		C24D2C4019AC34B500D45972 /* Build configuration list for PBXNativeTarget "Organizr" */ = {
			isa = XCConfigurationList;
			buildConfigurations = (
				C24D2C4119AC34B500D45972 /* Debug */,
				C24D2C4219AC34B500D45972 /* Release */,
			);
			defaultConfigurationIsVisible = 0;
			defaultConfigurationName = Release;
		};
		C24D2C4319AC34B500D45972 /* Build configuration list for PBXNativeTarget "OrganizrTests" */ = {
			isa = XCConfigurationList;
			buildConfigurations = (
				C24D2C4419AC34B500D45972 /* Debug */,
				C24D2C4519AC34B500D45972 /* Release */,
			);
			defaultConfigurationIsVisible = 0;
			defaultConfigurationName = Release;
		};
		C24D2C9C19AC5EF300D45972 /* Build configuration list for PBXAggregateTarget "Mogenerator" */ = {
			isa = XCConfigurationList;
			buildConfigurations = (
				C24D2C9D19AC5EF300D45972 /* Debug */,
				C24D2C9E19AC5EF300D45972 /* Release */,
			);
			defaultConfigurationIsVisible = 0;
			defaultConfigurationName = Release;
		};
/* End XCConfigurationList section */

/* Begin XCVersionGroup section */
		C24D2C4819AC359400D45972 /* Organizr.xcdatamodeld */ = {
			isa = XCVersionGroup;
			children = (
				C24D2C4919AC359400D45972 /* Organizr.xcdatamodel */,
			);
			currentVersion = C24D2C4919AC359400D45972 /* Organizr.xcdatamodel */;
			path = Organizr.xcdatamodeld;
			sourceTree = "<group>";
			versionGroupType = wrapper.xcdatamodel;
		};
/* End XCVersionGroup section */
	};
	rootObject = C24D2C0319AC34B500D45972 /* Project object */;
}
